// !$*UTF8*$!
{
	archiveVersion = 1;
	classes = {
	};
	objectVersion = 56;
	objects = {

/* Begin PBXBuildFile section */
		F6199FF12AEE6CF5003D87B2 /* P2_Checkout_2App.swift in Sources */ = {isa = PBXBuildFile; fileRef = F6199FF02AEE6CF5003D87B2 /* P2_Checkout_2App.swift */; };
		F6199FF32AEE6CF5003D87B2 /* ContentView.swift in Sources */ = {isa = PBXBuildFile; fileRef = F6199FF22AEE6CF5003D87B2 /* ContentView.swift */; };
		F6199FF52AEE6CF6003D87B2 /* Assets.xcassets in Resources */ = {isa = PBXBuildFile; fileRef = F6199FF42AEE6CF6003D87B2 /* Assets.xcassets */; };
		F6199FF82AEE6CF6003D87B2 /* Preview Assets.xcassets in Resources */ = {isa = PBXBuildFile; fileRef = F6199FF72AEE6CF6003D87B2 /* Preview Assets.xcassets */; };
		F619A0022AEE6CF6003D87B2 /* P2_Checkout_2Tests.swift in Sources */ = {isa = PBXBuildFile; fileRef = F619A0012AEE6CF6003D87B2 /* P2_Checkout_2Tests.swift */; };
		F619A00C2AEE6CF6003D87B2 /* P2_Checkout_2UITests.swift in Sources */ = {isa = PBXBuildFile; fileRef = F619A00B2AEE6CF6003D87B2 /* P2_Checkout_2UITests.swift */; };
		F619A00E2AEE6CF6003D87B2 /* P2_Checkout_2UITestsLaunchTests.swift in Sources */ = {isa = PBXBuildFile; fileRef = F619A00D2AEE6CF6003D87B2 /* P2_Checkout_2UITestsLaunchTests.swift */; };
		F619A01B2AEE7313003D87B2 /* QRScannerController.swift in Sources */ = {isa = PBXBuildFile; fileRef = F619A01A2AEE7313003D87B2 /* QRScannerController.swift */; };
		F619A01D2AEE740D003D87B2 /* QRCodeScannerView.swift in Sources */ = {isa = PBXBuildFile; fileRef = F619A01C2AEE740D003D87B2 /* QRCodeScannerView.swift */; };
		F619A01F2AEE743F003D87B2 /* SafariView.swift in Sources */ = {isa = PBXBuildFile; fileRef = F619A01E2AEE743F003D87B2 /* SafariView.swift */; };
/* End PBXBuildFile section */

/* Begin PBXContainerItemProxy section */
		F6199FFE2AEE6CF6003D87B2 /* PBXContainerItemProxy */ = {
			isa = PBXContainerItemProxy;
			containerPortal = F6199FE52AEE6CF5003D87B2 /* Project object */;
			proxyType = 1;
			remoteGlobalIDString = F6199FEC2AEE6CF5003D87B2;
			remoteInfo = "P2 Checkout 2";
		};
		F619A0082AEE6CF6003D87B2 /* PBXContainerItemProxy */ = {
			isa = PBXContainerItemProxy;
			containerPortal = F6199FE52AEE6CF5003D87B2 /* Project object */;
			proxyType = 1;
			remoteGlobalIDString = F6199FEC2AEE6CF5003D87B2;
			remoteInfo = "P2 Checkout 2";
		};
/* End PBXContainerItemProxy section */

/* Begin PBXFileReference section */
		F6199FED2AEE6CF5003D87B2 /* P2 Checkout 2.app */ = {isa = PBXFileReference; explicitFileType = wrapper.application; includeInIndex = 0; path = "P2 Checkout 2.app"; sourceTree = BUILT_PRODUCTS_DIR; };
		F6199FF02AEE6CF5003D87B2 /* P2_Checkout_2App.swift */ = {isa = PBXFileReference; lastKnownFileType = sourcecode.swift; path = P2_Checkout_2App.swift; sourceTree = "<group>"; };
		F6199FF22AEE6CF5003D87B2 /* ContentView.swift */ = {isa = PBXFileReference; lastKnownFileType = sourcecode.swift; path = ContentView.swift; sourceTree = "<group>"; };
		F6199FF42AEE6CF6003D87B2 /* Assets.xcassets */ = {isa = PBXFileReference; lastKnownFileType = folder.assetcatalog; path = Assets.xcassets; sourceTree = "<group>"; };
		F6199FF72AEE6CF6003D87B2 /* Preview Assets.xcassets */ = {isa = PBXFileReference; lastKnownFileType = folder.assetcatalog; path = "Preview Assets.xcassets"; sourceTree = "<group>"; };
		F6199FFD2AEE6CF6003D87B2 /* P2 Checkout 2Tests.xctest */ = {isa = PBXFileReference; explicitFileType = wrapper.cfbundle; includeInIndex = 0; path = "P2 Checkout 2Tests.xctest"; sourceTree = BUILT_PRODUCTS_DIR; };
		F619A0012AEE6CF6003D87B2 /* P2_Checkout_2Tests.swift */ = {isa = PBXFileReference; lastKnownFileType = sourcecode.swift; path = P2_Checkout_2Tests.swift; sourceTree = "<group>"; };
		F619A0072AEE6CF6003D87B2 /* P2 Checkout 2UITests.xctest */ = {isa = PBXFileReference; explicitFileType = wrapper.cfbundle; includeInIndex = 0; path = "P2 Checkout 2UITests.xctest"; sourceTree = BUILT_PRODUCTS_DIR; };
		F619A00B2AEE6CF6003D87B2 /* P2_Checkout_2UITests.swift */ = {isa = PBXFileReference; lastKnownFileType = sourcecode.swift; path = P2_Checkout_2UITests.swift; sourceTree = "<group>"; };
		F619A00D2AEE6CF6003D87B2 /* P2_Checkout_2UITestsLaunchTests.swift */ = {isa = PBXFileReference; lastKnownFileType = sourcecode.swift; path = P2_Checkout_2UITestsLaunchTests.swift; sourceTree = "<group>"; };
		F619A01A2AEE7313003D87B2 /* QRScannerController.swift */ = {isa = PBXFileReference; lastKnownFileType = sourcecode.swift; path = QRScannerController.swift; sourceTree = "<group>"; };
		F619A01C2AEE740D003D87B2 /* QRCodeScannerView.swift */ = {isa = PBXFileReference; lastKnownFileType = sourcecode.swift; path = QRCodeScannerView.swift; sourceTree = "<group>"; };
		F619A01E2AEE743F003D87B2 /* SafariView.swift */ = {isa = PBXFileReference; lastKnownFileType = sourcecode.swift; path = SafariView.swift; sourceTree = "<group>"; };
/* End PBXFileReference section */

/* Begin PBXFrameworksBuildPhase section */
		F6199FEA2AEE6CF5003D87B2 /* Frameworks */ = {
			isa = PBXFrameworksBuildPhase;
			buildActionMask = 2147483647;
			files = (
			);
			runOnlyForDeploymentPostprocessing = 0;
		};
		F6199FFA2AEE6CF6003D87B2 /* Frameworks */ = {
			isa = PBXFrameworksBuildPhase;
			buildActionMask = 2147483647;
			files = (
			);
			runOnlyForDeploymentPostprocessing = 0;
		};
		F619A0042AEE6CF6003D87B2 /* Frameworks */ = {
			isa = PBXFrameworksBuildPhase;
			buildActionMask = 2147483647;
			files = (
			);
			runOnlyForDeploymentPostprocessing = 0;
		};
/* End PBXFrameworksBuildPhase section */

/* Begin PBXGroup section */
		F6199FE42AEE6CF5003D87B2 = {
			isa = PBXGroup;
			children = (
				F6199FEF2AEE6CF5003D87B2 /* P2 Checkout 2 */,
				F619A0002AEE6CF6003D87B2 /* P2 Checkout 2Tests */,
				F619A00A2AEE6CF6003D87B2 /* P2 Checkout 2UITests */,
				F6199FEE2AEE6CF5003D87B2 /* Products */,
			);
			sourceTree = "<group>";
		};
		F6199FEE2AEE6CF5003D87B2 /* Products */ = {
			isa = PBXGroup;
			children = (
				F6199FED2AEE6CF5003D87B2 /* P2 Checkout 2.app */,
				F6199FFD2AEE6CF6003D87B2 /* P2 Checkout 2Tests.xctest */,
				F619A0072AEE6CF6003D87B2 /* P2 Checkout 2UITests.xctest */,
			);
			name = Products;
			sourceTree = "<group>";
		};
		F6199FEF2AEE6CF5003D87B2 /* P2 Checkout 2 */ = {
			isa = PBXGroup;
			children = (
				F6199FF02AEE6CF5003D87B2 /* P2_Checkout_2App.swift */,
				F6199FF22AEE6CF5003D87B2 /* ContentView.swift */,
				F6199FF42AEE6CF6003D87B2 /* Assets.xcassets */,
				F6199FF62AEE6CF6003D87B2 /* Preview Content */,
				F619A01A2AEE7313003D87B2 /* QRScannerController.swift */,
				F619A01C2AEE740D003D87B2 /* QRCodeScannerView.swift */,
				F619A01E2AEE743F003D87B2 /* SafariView.swift */,
			);
			path = "P2 Checkout 2";
			sourceTree = "<group>";
		};
		F6199FF62AEE6CF6003D87B2 /* Preview Content */ = {
			isa = PBXGroup;
			children = (
				F6199FF72AEE6CF6003D87B2 /* Preview Assets.xcassets */,
			);
			path = "Preview Content";
			sourceTree = "<group>";
		};
		F619A0002AEE6CF6003D87B2 /* P2 Checkout 2Tests */ = {
			isa = PBXGroup;
			children = (
				F619A0012AEE6CF6003D87B2 /* P2_Checkout_2Tests.swift */,
			);
			path = "P2 Checkout 2Tests";
			sourceTree = "<group>";
		};
		F619A00A2AEE6CF6003D87B2 /* P2 Checkout 2UITests */ = {
			isa = PBXGroup;
			children = (
				F619A00B2AEE6CF6003D87B2 /* P2_Checkout_2UITests.swift */,
				F619A00D2AEE6CF6003D87B2 /* P2_Checkout_2UITestsLaunchTests.swift */,
			);
			path = "P2 Checkout 2UITests";
			sourceTree = "<group>";
		};
/* End PBXGroup section */

/* Begin PBXNativeTarget section */
		F6199FEC2AEE6CF5003D87B2 /* P2 Checkout 2 */ = {
			isa = PBXNativeTarget;
			buildConfigurationList = F619A0112AEE6CF6003D87B2 /* Build configuration list for PBXNativeTarget "P2 Checkout 2" */;
			buildPhases = (
				F6199FE92AEE6CF5003D87B2 /* Sources */,
				F6199FEA2AEE6CF5003D87B2 /* Frameworks */,
				F6199FEB2AEE6CF5003D87B2 /* Resources */,
			);
			buildRules = (
			);
			dependencies = (
			);
			name = "P2 Checkout 2";
			productName = "P2 Checkout 2";
			productReference = F6199FED2AEE6CF5003D87B2 /* P2 Checkout 2.app */;
			productType = "com.apple.product-type.application";
		};
		F6199FFC2AEE6CF6003D87B2 /* P2 Checkout 2Tests */ = {
			isa = PBXNativeTarget;
			buildConfigurationList = F619A0142AEE6CF6003D87B2 /* Build configuration list for PBXNativeTarget "P2 Checkout 2Tests" */;
			buildPhases = (
				F6199FF92AEE6CF6003D87B2 /* Sources */,
				F6199FFA2AEE6CF6003D87B2 /* Frameworks */,
				F6199FFB2AEE6CF6003D87B2 /* Resources */,
			);
			buildRules = (
			);
			dependencies = (
				F6199FFF2AEE6CF6003D87B2 /* PBXTargetDependency */,
			);
			name = "P2 Checkout 2Tests";
			productName = "P2 Checkout 2Tests";
			productReference = F6199FFD2AEE6CF6003D87B2 /* P2 Checkout 2Tests.xctest */;
			productType = "com.apple.product-type.bundle.unit-test";
		};
		F619A0062AEE6CF6003D87B2 /* P2 Checkout 2UITests */ = {
			isa = PBXNativeTarget;
			buildConfigurationList = F619A0172AEE6CF6003D87B2 /* Build configuration list for PBXNativeTarget "P2 Checkout 2UITests" */;
			buildPhases = (
				F619A0032AEE6CF6003D87B2 /* Sources */,
				F619A0042AEE6CF6003D87B2 /* Frameworks */,
				F619A0052AEE6CF6003D87B2 /* Resources */,
			);
			buildRules = (
			);
			dependencies = (
				F619A0092AEE6CF6003D87B2 /* PBXTargetDependency */,
			);
			name = "P2 Checkout 2UITests";
			productName = "P2 Checkout 2UITests";
			productReference = F619A0072AEE6CF6003D87B2 /* P2 Checkout 2UITests.xctest */;
			productType = "com.apple.product-type.bundle.ui-testing";
		};
/* End PBXNativeTarget section */

/* Begin PBXProject section */
		F6199FE52AEE6CF5003D87B2 /* Project object */ = {
			isa = PBXProject;
			attributes = {
				BuildIndependentTargetsInParallel = 1;
				LastSwiftUpdateCheck = 1500;
				LastUpgradeCheck = 1500;
				TargetAttributes = {
					F6199FEC2AEE6CF5003D87B2 = {
						CreatedOnToolsVersion = 15.0.1;
					};
					F6199FFC2AEE6CF6003D87B2 = {
						CreatedOnToolsVersion = 15.0.1;
						TestTargetID = F6199FEC2AEE6CF5003D87B2;
					};
					F619A0062AEE6CF6003D87B2 = {
						CreatedOnToolsVersion = 15.0.1;
						TestTargetID = F6199FEC2AEE6CF5003D87B2;
					};
				};
			};
			buildConfigurationList = F6199FE82AEE6CF5003D87B2 /* Build configuration list for PBXProject "P2 Checkout 2" */;
			compatibilityVersion = "Xcode 14.0";
			developmentRegion = en;
			hasScannedForEncodings = 0;
			knownRegions = (
				en,
				Base,
			);
			mainGroup = F6199FE42AEE6CF5003D87B2;
			productRefGroup = F6199FEE2AEE6CF5003D87B2 /* Products */;
			projectDirPath = "";
			projectRoot = "";
			targets = (
				F6199FEC2AEE6CF5003D87B2 /* P2 Checkout 2 */,
				F6199FFC2AEE6CF6003D87B2 /* P2 Checkout 2Tests */,
				F619A0062AEE6CF6003D87B2 /* P2 Checkout 2UITests */,
			);
		};
/* End PBXProject section */

/* Begin PBXResourcesBuildPhase section */
		F6199FEB2AEE6CF5003D87B2 /* Resources */ = {
			isa = PBXResourcesBuildPhase;
			buildActionMask = 2147483647;
			files = (
				F6199FF82AEE6CF6003D87B2 /* Preview Assets.xcassets in Resources */,
				F6199FF52AEE6CF6003D87B2 /* Assets.xcassets in Resources */,
			);
			runOnlyForDeploymentPostprocessing = 0;
		};
		F6199FFB2AEE6CF6003D87B2 /* Resources */ = {
			isa = PBXResourcesBuildPhase;
			buildActionMask = 2147483647;
			files = (
			);
			runOnlyForDeploymentPostprocessing = 0;
		};
		F619A0052AEE6CF6003D87B2 /* Resources */ = {
			isa = PBXResourcesBuildPhase;
			buildActionMask = 2147483647;
			files = (
			);
			runOnlyForDeploymentPostprocessing = 0;
		};
/* End PBXResourcesBuildPhase section */

/* Begin PBXSourcesBuildPhase section */
		F6199FE92AEE6CF5003D87B2 /* Sources */ = {
			isa = PBXSourcesBuildPhase;
			buildActionMask = 2147483647;
			files = (
				F6199FF32AEE6CF5003D87B2 /* ContentView.swift in Sources */,
				F619A01D2AEE740D003D87B2 /* QRCodeScannerView.swift in Sources */,
				F6199FF12AEE6CF5003D87B2 /* P2_Checkout_2App.swift in Sources */,
				F619A01B2AEE7313003D87B2 /* QRScannerController.swift in Sources */,
				F619A01F2AEE743F003D87B2 /* SafariView.swift in Sources */,
			);
			runOnlyForDeploymentPostprocessing = 0;
		};
		F6199FF92AEE6CF6003D87B2 /* Sources */ = {
			isa = PBXSourcesBuildPhase;
			buildActionMask = 2147483647;
			files = (
				F619A0022AEE6CF6003D87B2 /* P2_Checkout_2Tests.swift in Sources */,
			);
			runOnlyForDeploymentPostprocessing = 0;
		};
		F619A0032AEE6CF6003D87B2 /* Sources */ = {
			isa = PBXSourcesBuildPhase;
			buildActionMask = 2147483647;
			files = (
				F619A00C2AEE6CF6003D87B2 /* P2_Checkout_2UITests.swift in Sources */,
				F619A00E2AEE6CF6003D87B2 /* P2_Checkout_2UITestsLaunchTests.swift in Sources */,
			);
			runOnlyForDeploymentPostprocessing = 0;
		};
/* End PBXSourcesBuildPhase section */

/* Begin PBXTargetDependency section */
		F6199FFF2AEE6CF6003D87B2 /* PBXTargetDependency */ = {
			isa = PBXTargetDependency;
			target = F6199FEC2AEE6CF5003D87B2 /* P2 Checkout 2 */;
			targetProxy = F6199FFE2AEE6CF6003D87B2 /* PBXContainerItemProxy */;
		};
		F619A0092AEE6CF6003D87B2 /* PBXTargetDependency */ = {
			isa = PBXTargetDependency;
			target = F6199FEC2AEE6CF5003D87B2 /* P2 Checkout 2 */;
			targetProxy = F619A0082AEE6CF6003D87B2 /* PBXContainerItemProxy */;
		};
/* End PBXTargetDependency section */

/* Begin XCBuildConfiguration section */
		F619A00F2AEE6CF6003D87B2 /* Debug */ = {
			isa = XCBuildConfiguration;
			buildSettings = {
				ALWAYS_SEARCH_USER_PATHS = NO;
				ASSETCATALOG_COMPILER_GENERATE_SWIFT_ASSET_SYMBOL_EXTENSIONS = YES;
				CLANG_ANALYZER_NONNULL = YES;
				CLANG_ANALYZER_NUMBER_OBJECT_CONVERSION = YES_AGGRESSIVE;
				CLANG_CXX_LANGUAGE_STANDARD = "gnu++20";
				CLANG_ENABLE_MODULES = YES;
				CLANG_ENABLE_OBJC_ARC = YES;
				CLANG_ENABLE_OBJC_WEAK = YES;
				CLANG_WARN_BLOCK_CAPTURE_AUTORELEASING = YES;
				CLANG_WARN_BOOL_CONVERSION = YES;
				CLANG_WARN_COMMA = YES;
				CLANG_WARN_CONSTANT_CONVERSION = YES;
				CLANG_WARN_DEPRECATED_OBJC_IMPLEMENTATIONS = YES;
				CLANG_WARN_DIRECT_OBJC_ISA_USAGE = YES_ERROR;
				CLANG_WARN_DOCUMENTATION_COMMENTS = YES;
				CLANG_WARN_EMPTY_BODY = YES;
				CLANG_WARN_ENUM_CONVERSION = YES;
				CLANG_WARN_INFINITE_RECURSION = YES;
				CLANG_WARN_INT_CONVERSION = YES;
				CLANG_WARN_NON_LITERAL_NULL_CONVERSION = YES;
				CLANG_WARN_OBJC_IMPLICIT_RETAIN_SELF = YES;
				CLANG_WARN_OBJC_LITERAL_CONVERSION = YES;
				CLANG_WARN_OBJC_ROOT_CLASS = YES_ERROR;
				CLANG_WARN_QUOTED_INCLUDE_IN_FRAMEWORK_HEADER = YES;
				CLANG_WARN_RANGE_LOOP_ANALYSIS = YES;
				CLANG_WARN_STRICT_PROTOTYPES = YES;
				CLANG_WARN_SUSPICIOUS_MOVE = YES;
				CLANG_WARN_UNGUARDED_AVAILABILITY = YES_AGGRESSIVE;
				CLANG_WARN_UNREACHABLE_CODE = YES;
				CLANG_WARN__DUPLICATE_METHOD_MATCH = YES;
				COPY_PHASE_STRIP = NO;
				DEBUG_INFORMATION_FORMAT = dwarf;
				ENABLE_STRICT_OBJC_MSGSEND = YES;
				ENABLE_TESTABILITY = YES;
				ENABLE_USER_SCRIPT_SANDBOXING = YES;
				GCC_C_LANGUAGE_STANDARD = gnu17;
				GCC_DYNAMIC_NO_PIC = NO;
				GCC_NO_COMMON_BLOCKS = YES;
				GCC_OPTIMIZATION_LEVEL = 0;
				GCC_PREPROCESSOR_DEFINITIONS = (
					"DEBUG=1",
					"$(inherited)",
				);
				GCC_WARN_64_TO_32_BIT_CONVERSION = YES;
				GCC_WARN_ABOUT_RETURN_TYPE = YES_ERROR;
				GCC_WARN_UNDECLARED_SELECTOR = YES;
				GCC_WARN_UNINITIALIZED_AUTOS = YES_AGGRESSIVE;
				GCC_WARN_UNUSED_FUNCTION = YES;
				GCC_WARN_UNUSED_VARIABLE = YES;
				IPHONEOS_DEPLOYMENT_TARGET = 17.0;
				LOCALIZATION_PREFERS_STRING_CATALOGS = YES;
				MTL_ENABLE_DEBUG_INFO = INCLUDE_SOURCE;
				MTL_FAST_MATH = YES;
				ONLY_ACTIVE_ARCH = YES;
				SDKROOT = iphoneos;
				SWIFT_ACTIVE_COMPILATION_CONDITIONS = "DEBUG $(inherited)";
				SWIFT_OPTIMIZATION_LEVEL = "-Onone";
			};
			name = Debug;
		};
		F619A0102AEE6CF6003D87B2 /* Release */ = {
			isa = XCBuildConfiguration;
			buildSettings = {
				ALWAYS_SEARCH_USER_PATHS = NO;
				ASSETCATALOG_COMPILER_GENERATE_SWIFT_ASSET_SYMBOL_EXTENSIONS = YES;
				CLANG_ANALYZER_NONNULL = YES;
				CLANG_ANALYZER_NUMBER_OBJECT_CONVERSION = YES_AGGRESSIVE;
				CLANG_CXX_LANGUAGE_STANDARD = "gnu++20";
				CLANG_ENABLE_MODULES = YES;
				CLANG_ENABLE_OBJC_ARC = YES;
				CLANG_ENABLE_OBJC_WEAK = YES;
				CLANG_WARN_BLOCK_CAPTURE_AUTORELEASING = YES;
				CLANG_WARN_BOOL_CONVERSION = YES;
				CLANG_WARN_COMMA = YES;
				CLANG_WARN_CONSTANT_CONVERSION = YES;
				CLANG_WARN_DEPRECATED_OBJC_IMPLEMENTATIONS = YES;
				CLANG_WARN_DIRECT_OBJC_ISA_USAGE = YES_ERROR;
				CLANG_WARN_DOCUMENTATION_COMMENTS = YES;
				CLANG_WARN_EMPTY_BODY = YES;
				CLANG_WARN_ENUM_CONVERSION = YES;
				CLANG_WARN_INFINITE_RECURSION = YES;
				CLANG_WARN_INT_CONVERSION = YES;
				CLANG_WARN_NON_LITERAL_NULL_CONVERSION = YES;
				CLANG_WARN_OBJC_IMPLICIT_RETAIN_SELF = YES;
				CLANG_WARN_OBJC_LITERAL_CONVERSION = YES;
				CLANG_WARN_OBJC_ROOT_CLASS = YES_ERROR;
				CLANG_WARN_QUOTED_INCLUDE_IN_FRAMEWORK_HEADER = YES;
				CLANG_WARN_RANGE_LOOP_ANALYSIS = YES;
				CLANG_WARN_STRICT_PROTOTYPES = YES;
				CLANG_WARN_SUSPICIOUS_MOVE = YES;
				CLANG_WARN_UNGUARDED_AVAILABILITY = YES_AGGRESSIVE;
				CLANG_WARN_UNREACHABLE_CODE = YES;
				CLANG_WARN__DUPLICATE_METHOD_MATCH = YES;
				COPY_PHASE_STRIP = NO;
				DEBUG_INFORMATION_FORMAT = "dwarf-with-dsym";
				ENABLE_NS_ASSERTIONS = NO;
				ENABLE_STRICT_OBJC_MSGSEND = YES;
				ENABLE_USER_SCRIPT_SANDBOXING = YES;
				GCC_C_LANGUAGE_STANDARD = gnu17;
				GCC_NO_COMMON_BLOCKS = YES;
				GCC_WARN_64_TO_32_BIT_CONVERSION = YES;
				GCC_WARN_ABOUT_RETURN_TYPE = YES_ERROR;
				GCC_WARN_UNDECLARED_SELECTOR = YES;
				GCC_WARN_UNINITIALIZED_AUTOS = YES_AGGRESSIVE;
				GCC_WARN_UNUSED_FUNCTION = YES;
				GCC_WARN_UNUSED_VARIABLE = YES;
				IPHONEOS_DEPLOYMENT_TARGET = 17.0;
				LOCALIZATION_PREFERS_STRING_CATALOGS = YES;
				MTL_ENABLE_DEBUG_INFO = NO;
				MTL_FAST_MATH = YES;
				SDKROOT = iphoneos;
				SWIFT_COMPILATION_MODE = wholemodule;
				VALIDATE_PRODUCT = YES;
			};
			name = Release;
		};
		F619A0122AEE6CF6003D87B2 /* Debug */ = {
			isa = XCBuildConfiguration;
			buildSettings = {
				ASSETCATALOG_COMPILER_APPICON_NAME = AppIcon;
				ASSETCATALOG_COMPILER_GLOBAL_ACCENT_COLOR_NAME = AccentColor;
				CODE_SIGN_STYLE = Automatic;
				CURRENT_PROJECT_VERSION = 1;
				DEVELOPMENT_ASSET_PATHS = "\"P2 Checkout 2/Preview Content\"";
				DEVELOPMENT_TEAM = SU4359U67H;
				ENABLE_PREVIEWS = YES;
				GENERATE_INFOPLIST_FILE = YES;
				INFOPLIST_KEY_NSCameraUsageDescription = "QR Codes scannen, Fotos von Equipment machen";
				INFOPLIST_KEY_UIApplicationSceneManifest_Generation = YES;
				INFOPLIST_KEY_UIApplicationSupportsIndirectInputEvents = YES;
				INFOPLIST_KEY_UILaunchScreen_Generation = YES;
				INFOPLIST_KEY_UISupportedInterfaceOrientations_iPad = "UIInterfaceOrientationPortrait UIInterfaceOrientationPortraitUpsideDown UIInterfaceOrientationLandscapeLeft UIInterfaceOrientationLandscapeRight";
				INFOPLIST_KEY_UISupportedInterfaceOrientations_iPhone = "UIInterfaceOrientationPortrait UIInterfaceOrientationLandscapeLeft UIInterfaceOrientationLandscapeRight";
				LD_RUNPATH_SEARCH_PATHS = (
					"$(inherited)",
					"@executable_path/Frameworks",
				);
				MARKETING_VERSION = 1.0;
				PRODUCT_BUNDLE_IDENTIFIER = "fxm.P2-Checkout-2";
				PRODUCT_NAME = "$(TARGET_NAME)";
				SUPPORTED_PLATFORMS = "iphoneos iphonesimulator";
				SUPPORTS_MACCATALYST = NO;
				SUPPORTS_MAC_DESIGNED_FOR_IPHONE_IPAD = NO;
				SWIFT_EMIT_LOC_STRINGS = YES;
				SWIFT_VERSION = 5.0;
				TARGETED_DEVICE_FAMILY = 1;
			};
			name = Debug;
		};
		F619A0132AEE6CF6003D87B2 /* Release */ = {
			isa = XCBuildConfiguration;
			buildSettings = {
				ASSETCATALOG_COMPILER_APPICON_NAME = AppIcon;
				ASSETCATALOG_COMPILER_GLOBAL_ACCENT_COLOR_NAME = AccentColor;
				CODE_SIGN_STYLE = Automatic;
				CURRENT_PROJECT_VERSION = 1;
				DEVELOPMENT_ASSET_PATHS = "\"P2 Checkout 2/Preview Content\"";
				DEVELOPMENT_TEAM = SU4359U67H;
				ENABLE_PREVIEWS = YES;
				GENERATE_INFOPLIST_FILE = YES;
				INFOPLIST_KEY_NSCameraUsageDescription = "QR Codes scannen, Fotos von Equipment machen";
				INFOPLIST_KEY_UIApplicationSceneManifest_Generation = YES;
				INFOPLIST_KEY_UIApplicationSupportsIndirectInputEvents = YES;
				INFOPLIST_KEY_UILaunchScreen_Generation = YES;
				INFOPLIST_KEY_UISupportedInterfaceOrientations_iPad = "UIInterfaceOrientationPortrait UIInterfaceOrientationPortraitUpsideDown UIInterfaceOrientationLandscapeLeft UIInterfaceOrientationLandscapeRight";
				INFOPLIST_KEY_UISupportedInterfaceOrientations_iPhone = "UIInterfaceOrientationPortrait UIInterfaceOrientationLandscapeLeft UIInterfaceOrientationLandscapeRight";
				LD_RUNPATH_SEARCH_PATHS = (
					"$(inherited)",
					"@executable_path/Frameworks",
				);
				MARKETING_VERSION = 1.0;
				PRODUCT_BUNDLE_IDENTIFIER = "fxm.P2-Checkout-2";
				PRODUCT_NAME = "$(TARGET_NAME)";
				SUPPORTED_PLATFORMS = "iphoneos iphonesimulator";
				SUPPORTS_MACCATALYST = NO;
				SUPPORTS_MAC_DESIGNED_FOR_IPHONE_IPAD = NO;
				SWIFT_EMIT_LOC_STRINGS = YES;
				SWIFT_VERSION = 5.0;
				TARGETED_DEVICE_FAMILY = 1;
			};
			name = Release;
		};
		F619A0152AEE6CF6003D87B2 /* Debug */ = {
			isa = XCBuildConfiguration;
			buildSettings = {
				ALWAYS_EMBED_SWIFT_STANDARD_LIBRARIES = YES;
				BUNDLE_LOADER = "$(TEST_HOST)";
				CODE_SIGN_STYLE = Automatic;
				CURRENT_PROJECT_VERSION = 1;
				GENERATE_INFOPLIST_FILE = YES;
				IPHONEOS_DEPLOYMENT_TARGET = 17.0;
				MARKETING_VERSION = 1.0;
				PRODUCT_BUNDLE_IDENTIFIER = "fxm.P2-Checkout-2Tests";
				PRODUCT_NAME = "$(TARGET_NAME)";
				SWIFT_EMIT_LOC_STRINGS = NO;
				SWIFT_VERSION = 5.0;
				TARGETED_DEVICE_FAMILY = "1,2";
				TEST_HOST = "$(BUILT_PRODUCTS_DIR)/P2 Checkout 2.app/$(BUNDLE_EXECUTABLE_FOLDER_PATH)/P2 Checkout 2";
			};
			name = Debug;
		};
		F619A0162AEE6CF6003D87B2 /* Release */ = {
			isa = XCBuildConfiguration;
			buildSettings = {
				ALWAYS_EMBED_SWIFT_STANDARD_LIBRARIES = YES;
				BUNDLE_LOADER = "$(TEST_HOST)";
				CODE_SIGN_STYLE = Automatic;
				CURRENT_PROJECT_VERSION = 1;
				GENERATE_INFOPLIST_FILE = YES;
				IPHONEOS_DEPLOYMENT_TARGET = 17.0;
				MARKETING_VERSION = 1.0;
				PRODUCT_BUNDLE_IDENTIFIER = "fxm.P2-Checkout-2Tests";
				PRODUCT_NAME = "$(TARGET_NAME)";
				SWIFT_EMIT_LOC_STRINGS = NO;
				SWIFT_VERSION = 5.0;
				TARGETED_DEVICE_FAMILY = "1,2";
				TEST_HOST = "$(BUILT_PRODUCTS_DIR)/P2 Checkout 2.app/$(BUNDLE_EXECUTABLE_FOLDER_PATH)/P2 Checkout 2";
			};
			name = Release;
		};
		F619A0182AEE6CF6003D87B2 /* Debug */ = {
			isa = XCBuildConfiguration;
			buildSettings = {
				ALWAYS_EMBED_SWIFT_STANDARD_LIBRARIES = YES;
				CODE_SIGN_STYLE = Automatic;
				CURRENT_PROJECT_VERSION = 1;
				GENERATE_INFOPLIST_FILE = YES;
				MARKETING_VERSION = 1.0;
				PRODUCT_BUNDLE_IDENTIFIER = "fxm.P2-Checkout-2UITests";
				PRODUCT_NAME = "$(TARGET_NAME)";
				SWIFT_EMIT_LOC_STRINGS = NO;
				SWIFT_VERSION = 5.0;
				TARGETED_DEVICE_FAMILY = "1,2";
				TEST_TARGET_NAME = "P2 Checkout 2";
			};
			name = Debug;
		};
		F619A0192AEE6CF6003D87B2 /* Release */ = {
			isa = XCBuildConfiguration;
			buildSettings = {
				ALWAYS_EMBED_SWIFT_STANDARD_LIBRARIES = YES;
				CODE_SIGN_STYLE = Automatic;
				CURRENT_PROJECT_VERSION = 1;
				GENERATE_INFOPLIST_FILE = YES;
				MARKETING_VERSION = 1.0;
				PRODUCT_BUNDLE_IDENTIFIER = "fxm.P2-Checkout-2UITests";
				PRODUCT_NAME = "$(TARGET_NAME)";
				SWIFT_EMIT_LOC_STRINGS = NO;
				SWIFT_VERSION = 5.0;
				TARGETED_DEVICE_FAMILY = "1,2";
				TEST_TARGET_NAME = "P2 Checkout 2";
			};
			name = Release;
		};
/* End XCBuildConfiguration section */

/* Begin XCConfigurationList section */
		F6199FE82AEE6CF5003D87B2 /* Build configuration list for PBXProject "P2 Checkout 2" */ = {
			isa = XCConfigurationList;
			buildConfigurations = (
				F619A00F2AEE6CF6003D87B2 /* Debug */,
				F619A0102AEE6CF6003D87B2 /* Release */,
			);
			defaultConfigurationIsVisible = 0;
			defaultConfigurationName = Release;
		};
		F619A0112AEE6CF6003D87B2 /* Build configuration list for PBXNativeTarget "P2 Checkout 2" */ = {
			isa = XCConfigurationList;
			buildConfigurations = (
				F619A0122AEE6CF6003D87B2 /* Debug */,
				F619A0132AEE6CF6003D87B2 /* Release */,
			);
			defaultConfigurationIsVisible = 0;
			defaultConfigurationName = Release;
		};
		F619A0142AEE6CF6003D87B2 /* Build configuration list for PBXNativeTarget "P2 Checkout 2Tests" */ = {
			isa = XCConfigurationList;
			buildConfigurations = (
				F619A0152AEE6CF6003D87B2 /* Debug */,
				F619A0162AEE6CF6003D87B2 /* Release */,
			);
			defaultConfigurationIsVisible = 0;
			defaultConfigurationName = Release;
		};
		F619A0172AEE6CF6003D87B2 /* Build configuration list for PBXNativeTarget "P2 Checkout 2UITests" */ = {
			isa = XCConfigurationList;
			buildConfigurations = (
				F619A0182AEE6CF6003D87B2 /* Debug */,
				F619A0192AEE6CF6003D87B2 /* Release */,
			);
			defaultConfigurationIsVisible = 0;
			defaultConfigurationName = Release;
		};
/* End XCConfigurationList section */
	};
	rootObject = F6199FE52AEE6CF5003D87B2 /* Project object */;
}
